// !$*UTF8*$!
{
	archiveVersion = 1;
	classes = {
	};
	objectVersion = 46;
	objects = {

/* Begin PBXBuildFile section */
		D098166C1B2B23AA000F6062 /* AppDelegate.swift in Sources */ = {isa = PBXBuildFile; fileRef = D098166B1B2B23AA000F6062 /* AppDelegate.swift */; };
		D098166E1B2B23AA000F6062 /* ViewController.swift in Sources */ = {isa = PBXBuildFile; fileRef = D098166D1B2B23AA000F6062 /* ViewController.swift */; };
		D09816711B2B23AA000F6062 /* Main.storyboard in Resources */ = {isa = PBXBuildFile; fileRef = D098166F1B2B23AA000F6062 /* Main.storyboard */; };
		D09816731B2B23AA000F6062 /* Images.xcassets in Resources */ = {isa = PBXBuildFile; fileRef = D09816721B2B23AA000F6062 /* Images.xcassets */; };
		D09816761B2B23AA000F6062 /* LaunchScreen.xib in Resources */ = {isa = PBXBuildFile; fileRef = D09816741B2B23AA000F6062 /* LaunchScreen.xib */; };
		D09816821B2B23AA000F6062 /* _9RedBalloonsTests.swift in Sources */ = {isa = PBXBuildFile; fileRef = D09816811B2B23AA000F6062 /* _9RedBalloonsTests.swift */; };
		D098168C1B2B2467000F6062 /* Balloon.swift in Sources */ = {isa = PBXBuildFile; fileRef = D098168B1B2B2467000F6062 /* Balloon.swift */; };
		D09816931B2B26EC000F6062 /* BerlinTVTower.jpg in Resources */ = {isa = PBXBuildFile; fileRef = D098168E1B2B26EC000F6062 /* BerlinTVTower.jpg */; };
		D09816941B2B26EC000F6062 /* RedBalloon1.jpg in Resources */ = {isa = PBXBuildFile; fileRef = D098168F1B2B26EC000F6062 /* RedBalloon1.jpg */; };
		D09816951B2B26EC000F6062 /* RedBalloon2.jpg in Resources */ = {isa = PBXBuildFile; fileRef = D09816901B2B26EC000F6062 /* RedBalloon2.jpg */; };
		D09816961B2B26EC000F6062 /* RedBalloon3.jpg in Resources */ = {isa = PBXBuildFile; fileRef = D09816911B2B26EC000F6062 /* RedBalloon3.jpg */; };
		D09816971B2B26EC000F6062 /* RedBalloon4.jpg in Resources */ = {isa = PBXBuildFile; fileRef = D09816921B2B26EC000F6062 /* RedBalloon4.jpg */; };
/* End PBXBuildFile section */

/* Begin PBXContainerItemProxy section */
		D098167C1B2B23AA000F6062 /* PBXContainerItemProxy */ = {
			isa = PBXContainerItemProxy;
			containerPortal = D098165E1B2B23AA000F6062 /* Project object */;
			proxyType = 1;
			remoteGlobalIDString = D09816651B2B23AA000F6062;
			remoteInfo = 99RedBalloons;
		};
/* End PBXContainerItemProxy section */

/* Begin PBXFileReference section */
		D09816661B2B23AA000F6062 /* 99RedBalloons.app */ = {isa = PBXFileReference; explicitFileType = wrapper.application; includeInIndex = 0; path = 99RedBalloons.app; sourceTree = BUILT_PRODUCTS_DIR; };
		D098166A1B2B23AA000F6062 /* Info.plist */ = {isa = PBXFileReference; lastKnownFileType = text.plist.xml; path = Info.plist; sourceTree = "<group>"; };
		D098166B1B2B23AA000F6062 /* AppDelegate.swift */ = {isa = PBXFileReference; lastKnownFileType = sourcecode.swift; path = AppDelegate.swift; sourceTree = "<group>"; };
		D098166D1B2B23AA000F6062 /* ViewController.swift */ = {isa = PBXFileReference; lastKnownFileType = sourcecode.swift; path = ViewController.swift; sourceTree = "<group>"; };
		D09816701B2B23AA000F6062 /* Base */ = {isa = PBXFileReference; lastKnownFileType = file.storyboard; name = Base; path = Base.lproj/Main.storyboard; sourceTree = "<group>"; };
		D09816721B2B23AA000F6062 /* Images.xcassets */ = {isa = PBXFileReference; lastKnownFileType = folder.assetcatalog; path = Images.xcassets; sourceTree = "<group>"; };
		D09816751B2B23AA000F6062 /* Base */ = {isa = PBXFileReference; lastKnownFileType = file.xib; name = Base; path = Base.lproj/LaunchScreen.xib; sourceTree = "<group>"; };
		D098167B1B2B23AA000F6062 /* 99RedBalloonsTests.xctest */ = {isa = PBXFileReference; explicitFileType = wrapper.cfbundle; includeInIndex = 0; path = 99RedBalloonsTests.xctest; sourceTree = BUILT_PRODUCTS_DIR; };
		D09816801B2B23AA000F6062 /* Info.plist */ = {isa = PBXFileReference; lastKnownFileType = text.plist.xml; path = Info.plist; sourceTree = "<group>"; };
		D09816811B2B23AA000F6062 /* _9RedBalloonsTests.swift */ = {isa = PBXFileReference; lastKnownFileType = sourcecode.swift; path = _9RedBalloonsTests.swift; sourceTree = "<group>"; };
		D098168B1B2B2467000F6062 /* Balloon.swift */ = {isa = PBXFileReference; fileEncoding = 4; lastKnownFileType = sourcecode.swift; path = Balloon.swift; sourceTree = "<group>"; };
		D098168E1B2B26EC000F6062 /* BerlinTVTower.jpg */ = {isa = PBXFileReference; lastKnownFileType = image.jpeg; path = BerlinTVTower.jpg; sourceTree = "<group>"; };
		D098168F1B2B26EC000F6062 /* RedBalloon1.jpg */ = {isa = PBXFileReference; lastKnownFileType = image.jpeg; path = RedBalloon1.jpg; sourceTree = "<group>"; };
		D09816901B2B26EC000F6062 /* RedBalloon2.jpg */ = {isa = PBXFileReference; lastKnownFileType = image.jpeg; path = RedBalloon2.jpg; sourceTree = "<group>"; };
		D09816911B2B26EC000F6062 /* RedBalloon3.jpg */ = {isa = PBXFileReference; lastKnownFileType = image.jpeg; path = RedBalloon3.jpg; sourceTree = "<group>"; };
		D09816921B2B26EC000F6062 /* RedBalloon4.jpg */ = {isa = PBXFileReference; lastKnownFileType = image.jpeg; path = RedBalloon4.jpg; sourceTree = "<group>"; };
/* End PBXFileReference section */

/* Begin PBXFrameworksBuildPhase section */
		D09816631B2B23AA000F6062 /* Frameworks */ = {
			isa = PBXFrameworksBuildPhase;
			buildActionMask = 2147483647;
			files = (
			);
			runOnlyForDeploymentPostprocessing = 0;
		};
		D09816781B2B23AA000F6062 /* Frameworks */ = {
			isa = PBXFrameworksBuildPhase;
			buildActionMask = 2147483647;
			files = (
			);
			runOnlyForDeploymentPostprocessing = 0;
		};
/* End PBXFrameworksBuildPhase section */

/* Begin PBXGroup section */
		D098165D1B2B23AA000F6062 = {
			isa = PBXGroup;
			children = (
				D09816681B2B23AA000F6062 /* 99RedBalloons */,
				D098167E1B2B23AA000F6062 /* 99RedBalloonsTests */,
				D09816671B2B23AA000F6062 /* Products */,
			);
			sourceTree = "<group>";
		};
		D09816671B2B23AA000F6062 /* Products */ = {
			isa = PBXGroup;
			children = (
				D09816661B2B23AA000F6062 /* 99RedBalloons.app */,
				D098167B1B2B23AA000F6062 /* 99RedBalloonsTests.xctest */,
			);
			name = Products;
			sourceTree = "<group>";
		};
		D09816681B2B23AA000F6062 /* 99RedBalloons */ = {
			isa = PBXGroup;
			children = (
				D098166B1B2B23AA000F6062 /* AppDelegate.swift */,
				D098166D1B2B23AA000F6062 /* ViewController.swift */,
				D098168B1B2B2467000F6062 /* Balloon.swift */,
				D098166F1B2B23AA000F6062 /* Main.storyboard */,
				D09816721B2B23AA000F6062 /* Images.xcassets */,
				D09816741B2B23AA000F6062 /* LaunchScreen.xib */,
				D09816691B2B23AA000F6062 /* Supporting Files */,
			);
			path = 99RedBalloons;
			sourceTree = "<group>";
		};
		D09816691B2B23AA000F6062 /* Supporting Files */ = {
			isa = PBXGroup;
			children = (
				D098168D1B2B26EC000F6062 /* 99RedBalloonsAssets */,
				D098166A1B2B23AA000F6062 /* Info.plist */,
			);
			name = "Supporting Files";
			sourceTree = "<group>";
		};
		D098167E1B2B23AA000F6062 /* 99RedBalloonsTests */ = {
			isa = PBXGroup;
			children = (
				D09816811B2B23AA000F6062 /* _9RedBalloonsTests.swift */,
				D098167F1B2B23AA000F6062 /* Supporting Files */,
			);
			path = 99RedBalloonsTests;
			sourceTree = "<group>";
		};
		D098167F1B2B23AA000F6062 /* Supporting Files */ = {
			isa = PBXGroup;
			children = (
				D09816801B2B23AA000F6062 /* Info.plist */,
			);
			name = "Supporting Files";
			sourceTree = "<group>";
		};
		D098168D1B2B26EC000F6062 /* 99RedBalloonsAssets */ = {
			isa = PBXGroup;
			children = (
				D098168E1B2B26EC000F6062 /* BerlinTVTower.jpg */,
				D098168F1B2B26EC000F6062 /* RedBalloon1.jpg */,
				D09816901B2B26EC000F6062 /* RedBalloon2.jpg */,
				D09816911B2B26EC000F6062 /* RedBalloon3.jpg */,
				D09816921B2B26EC000F6062 /* RedBalloon4.jpg */,
			);
			path = 99RedBalloonsAssets;
			sourceTree = "<group>";
		};
/* End PBXGroup section */

/* Begin PBXNativeTarget section */
		D09816651B2B23AA000F6062 /* 99RedBalloons */ = {
			isa = PBXNativeTarget;
			buildConfigurationList = D09816851B2B23AA000F6062 /* Build configuration list for PBXNativeTarget "99RedBalloons" */;
			buildPhases = (
				D09816621B2B23AA000F6062 /* Sources */,
				D09816631B2B23AA000F6062 /* Frameworks */,
				D09816641B2B23AA000F6062 /* Resources */,
			);
			buildRules = (
			);
			dependencies = (
			);
			name = 99RedBalloons;
			productName = 99RedBalloons;
			productReference = D09816661B2B23AA000F6062 /* 99RedBalloons.app */;
			productType = "com.apple.product-type.application";
		};
		D098167A1B2B23AA000F6062 /* 99RedBalloonsTests */ = {
			isa = PBXNativeTarget;
			buildConfigurationList = D09816881B2B23AA000F6062 /* Build configuration list for PBXNativeTarget "99RedBalloonsTests" */;
			buildPhases = (
				D09816771B2B23AA000F6062 /* Sources */,
				D09816781B2B23AA000F6062 /* Frameworks */,
				D09816791B2B23AA000F6062 /* Resources */,
			);
			buildRules = (
			);
			dependencies = (
				D098167D1B2B23AA000F6062 /* PBXTargetDependency */,
			);
			name = 99RedBalloonsTests;
			productName = 99RedBalloonsTests;
			productReference = D098167B1B2B23AA000F6062 /* 99RedBalloonsTests.xctest */;
			productType = "com.apple.product-type.bundle.unit-test";
		};
/* End PBXNativeTarget section */

/* Begin PBXProject section */
		D098165E1B2B23AA000F6062 /* Project object */ = {
			isa = PBXProject;
			attributes = {
				LastUpgradeCheck = 0620;
				ORGANIZATIONNAME = JMK;
				TargetAttributes = {
					D09816651B2B23AA000F6062 = {
						CreatedOnToolsVersion = 6.2;
					};
					D098167A1B2B23AA000F6062 = {
						CreatedOnToolsVersion = 6.2;
						TestTargetID = D09816651B2B23AA000F6062;
					};
				};
			};
			buildConfigurationList = D09816611B2B23AA000F6062 /* Build configuration list for PBXProject "99RedBalloons" */;
			compatibilityVersion = "Xcode 3.2";
			developmentRegion = English;
			hasScannedForEncodings = 0;
			knownRegions = (
				en,
				Base,
			);
			mainGroup = D098165D1B2B23AA000F6062;
			productRefGroup = D09816671B2B23AA000F6062 /* Products */;
			projectDirPath = "";
			projectRoot = "";
			targets = (
				D09816651B2B23AA000F6062 /* 99RedBalloons */,
				D098167A1B2B23AA000F6062 /* 99RedBalloonsTests */,
			);
		};
/* End PBXProject section */

/* Begin PBXResourcesBuildPhase section */
		D09816641B2B23AA000F6062 /* Resources */ = {
			isa = PBXResourcesBuildPhase;
			buildActionMask = 2147483647;
			files = (
				D09816951B2B26EC000F6062 /* RedBalloon2.jpg in Resources */,
				D09816711B2B23AA000F6062 /* Main.storyboard in Resources */,
				D09816961B2B26EC000F6062 /* RedBalloon3.jpg in Resources */,
				D09816761B2B23AA000F6062 /* LaunchScreen.xib in Resources */,
				D09816971B2B26EC000F6062 /* RedBalloon4.jpg in Resources */,
				D09816731B2B23AA000F6062 /* Images.xcassets in Resources */,
				D09816941B2B26EC000F6062 /* RedBalloon1.jpg in Resources */,
				D09816931B2B26EC000F6062 /* BerlinTVTower.jpg in Resources */,
			);
			runOnlyForDeploymentPostprocessing = 0;
		};
		D09816791B2B23AA000F6062 /* Resources */ = {
			isa = PBXResourcesBuildPhase;
			buildActionMask = 2147483647;
			files = (
			);
			runOnlyForDeploymentPostprocessing = 0;
		};
/* End PBXResourcesBuildPhase section */

/* Begin PBXSourcesBuildPhase section */
		D09816621B2B23AA000F6062 /* Sources */ = {
			isa = PBXSourcesBuildPhase;
			buildActionMask = 2147483647;
			files = (
				D098166E1B2B23AA000F6062 /* ViewController.swift in Sources */,
				D098168C1B2B2467000F6062 /* Balloon.swift in Sources */,
				D098166C1B2B23AA000F6062 /* AppDelegate.swift in Sources */,
			);
			runOnlyForDeploymentPostprocessing = 0;
		};
		D09816771B2B23AA000F6062 /* Sources */ = {
			isa = PBXSourcesBuildPhase;
			buildActionMask = 2147483647;
			files = (
				D09816821B2B23AA000F6062 /* _9RedBalloonsTests.swift in Sources */,
			);
			runOnlyForDeploymentPostprocessing = 0;
		};
/* End PBXSourcesBuildPhase section */

/* Begin PBXTargetDependency section */
		D098167D1B2B23AA000F6062 /* PBXTargetDependency */ = {
			isa = PBXTargetDependency;
			target = D09816651B2B23AA000F6062 /* 99RedBalloons */;
			targetProxy = D098167C1B2B23AA000F6062 /* PBXContainerItemProxy */;
		};
/* End PBXTargetDependency section */

/* Begin PBXVariantGroup section */
		D098166F1B2B23AA000F6062 /* Main.storyboard */ = {
			isa = PBXVariantGroup;
			children = (
				D09816701B2B23AA000F6062 /* Base */,
			);
			name = Main.storyboard;
			sourceTree = "<group>";
		};
		D09816741B2B23AA000F6062 /* LaunchScreen.xib */ = {
			isa = PBXVariantGroup;
			children = (
				D09816751B2B23AA000F6062 /* Base */,
			);
			name = LaunchScreen.xib;
			sourceTree = "<group>";
		};
/* End PBXVariantGroup section */

/* Begin XCBuildConfiguration section */
		D09816831B2B23AA000F6062 /* Debug */ = {
			isa = XCBuildConfiguration;
			buildSettings = {
				ALWAYS_SEARCH_USER_PATHS = NO;
				CLANG_CXX_LANGUAGE_STANDARD = "gnu++0x";
				CLANG_CXX_LIBRARY = "libc++";
				CLANG_ENABLE_MODULES = YES;
				CLANG_ENABLE_OBJC_ARC = YES;
				CLANG_WARN_BOOL_CONVERSION = YES;
				CLANG_WARN_CONSTANT_CONVERSION = YES;
				CLANG_WARN_DIRECT_OBJC_ISA_USAGE = YES_ERROR;
				CLANG_WARN_EMPTY_BODY = YES;
				CLANG_WARN_ENUM_CONVERSION = YES;
				CLANG_WARN_INT_CONVERSION = YES;
				CLANG_WARN_OBJC_ROOT_CLASS = YES_ERROR;
				CLANG_WARN_UNREACHABLE_CODE = YES;
				CLANG_WARN__DUPLICATE_METHOD_MATCH = YES;
				"CODE_SIGN_IDENTITY[sdk=iphoneos*]" = "iPhone Developer";
				COPY_PHASE_STRIP = NO;
				ENABLE_STRICT_OBJC_MSGSEND = YES;
				GCC_C_LANGUAGE_STANDARD = gnu99;
				GCC_DYNAMIC_NO_PIC = NO;
				GCC_OPTIMIZATION_LEVEL = 0;
				GCC_PREPROCESSOR_DEFINITIONS = (
					"DEBUG=1",
					"$(inherited)",
				);
				GCC_SYMBOLS_PRIVATE_EXTERN = NO;
				GCC_WARN_64_TO_32_BIT_CONVERSION = YES;
				GCC_WARN_ABOUT_RETURN_TYPE = YES_ERROR;
				GCC_WARN_UNDECLARED_SELECTOR = YES;
				GCC_WARN_UNINITIALIZED_AUTOS = YES_AGGRESSIVE;
				GCC_WARN_UNUSED_FUNCTION = YES;
				GCC_WARN_UNUSED_VARIABLE = YES;
				IPHONEOS_DEPLOYMENT_TARGET = 8.2;
				MTL_ENABLE_DEBUG_INFO = YES;
				ONLY_ACTIVE_ARCH = YES;
				SDKROOT = iphoneos;
				SWIFT_OPTIMIZATION_LEVEL = "-Onone";
				TARGETED_DEVICE_FAMILY = "1,2";
			};
			name = Debug;
		};
		D09816841B2B23AA000F6062 /* Release */ = {
			isa = XCBuildConfiguration;
			buildSettings = {
				ALWAYS_SEARCH_USER_PATHS = NO;
				CLANG_CXX_LANGUAGE_STANDARD = "gnu++0x";
				CLANG_CXX_LIBRARY = "libc++";
				CLANG_ENABLE_MODULES = YES;
				CLANG_ENABLE_OBJC_ARC = YES;
				CLANG_WARN_BOOL_CONVERSION = YES;
				CLANG_WARN_CONSTANT_CONVERSION = YES;
				CLANG_WARN_DIRECT_OBJC_ISA_USAGE = YES_ERROR;
				CLANG_WARN_EMPTY_BODY = YES;
				CLANG_WARN_ENUM_CONVERSION = YES;
				CLANG_WARN_INT_CONVERSION = YES;
				CLANG_WARN_OBJC_ROOT_CLASS = YES_ERROR;
				CLANG_WARN_UNREACHABLE_CODE = YES;
				CLANG_WARN__DUPLICATE_METHOD_MATCH = YES;
				"CODE_SIGN_IDENTITY[sdk=iphoneos*]" = "iPhone Developer";
				COPY_PHASE_STRIP = NO;
				ENABLE_NS_ASSERTIONS = NO;
				ENABLE_STRICT_OBJC_MSGSEND = YES;
				GCC_C_LANGUAGE_STANDARD = gnu99;
				GCC_WARN_64_TO_32_BIT_CONVERSION = YES;
				GCC_WARN_ABOUT_RETURN_TYPE = YES_ERROR;
				GCC_WARN_UNDECLARED_SELECTOR = YES;
				GCC_WARN_UNINITIALIZED_AUTOS = YES_AGGRESSIVE;
				GCC_WARN_UNUSED_FUNCTION = YES;
				GCC_WARN_UNUSED_VARIABLE = YES;
				IPHONEOS_DEPLOYMENT_TARGET = 8.2;
				MTL_ENABLE_DEBUG_INFO = NO;
				SDKROOT = iphoneos;
				TARGETED_DEVICE_FAMILY = "1,2";
				VALIDATE_PRODUCT = YES;
			};
			name = Release;
		};
		D09816861B2B23AA000F6062 /* Debug */ = {
			isa = XCBuildConfiguration;
			buildSettings = {
				ASSETCATALOG_COMPILER_APPICON_NAME = AppIcon;
				INFOPLIST_FILE = 99RedBalloons/Info.plist;
				LD_RUNPATH_SEARCH_PATHS = "$(inherited) @executable_path/Frameworks";
				PRODUCT_NAME = "$(TARGET_NAME)";
			};
			name = Debug;
		};
		D09816871B2B23AA000F6062 /* Release */ = {
			isa = XCBuildConfiguration;
			buildSettings = {
				ASSETCATALOG_COMPILER_APPICON_NAME = AppIcon;
				INFOPLIST_FILE = 99RedBalloons/Info.plist;
				LD_RUNPATH_SEARCH_PATHS = "$(inherited) @executable_path/Frameworks";
				PRODUCT_NAME = "$(TARGET_NAME)";
			};
			name = Release;
		};
		D09816891B2B23AA000F6062 /* Debug */ = {
			isa = XCBuildConfiguration;
			buildSettings = {
				BUNDLE_LOADER = "$(TEST_HOST)";
				FRAMEWORK_SEARCH_PATHS = (
					"$(SDKROOT)/Developer/Library/Frameworks",
					"$(inherited)",
				);
				GCC_PREPROCESSOR_DEFINITIONS = (
					"DEBUG=1",
					"$(inherited)",
				);
				INFOPLIST_FILE = 99RedBalloonsTests/Info.plist;
				LD_RUNPATH_SEARCH_PATHS = "$(inherited) @executable_path/Frameworks @loader_path/Frameworks";
				PRODUCT_NAME = "$(TARGET_NAME)";
				TEST_HOST = "$(BUILT_PRODUCTS_DIR)/99RedBalloons.app/99RedBalloons";
			};
			name = Debug;
		};
		D098168A1B2B23AA000F6062 /* Release */ = {
			isa = XCBuildConfiguration;
			buildSettings = {
				BUNDLE_LOADER = "$(TEST_HOST)";
				FRAMEWORK_SEARCH_PATHS = (
					"$(SDKROOT)/Developer/Library/Frameworks",
					"$(inherited)",
				);
				INFOPLIST_FILE = 99RedBalloonsTests/Info.plist;
				LD_RUNPATH_SEARCH_PATHS = "$(inherited) @executable_path/Frameworks @loader_path/Frameworks";
				PRODUCT_NAME = "$(TARGET_NAME)";
				TEST_HOST = "$(BUILT_PRODUCTS_DIR)/99RedBalloons.app/99RedBalloons";
			};
			name = Release;
		};
/* End XCBuildConfiguration section */

/* Begin XCConfigurationList section */
		D09816611B2B23AA000F6062 /* Build configuration list for PBXProject "99RedBalloons" */ = {
			isa = XCConfigurationList;
			buildConfigurations = (
				D09816831B2B23AA000F6062 /* Debug */,
				D09816841B2B23AA000F6062 /* Release */,
			);
			defaultConfigurationIsVisible = 0;
			defaultConfigurationName = Release;
		};
		D09816851B2B23AA000F6062 /* Build configuration list for PBXNativeTarget "99RedBalloons" */ = {
			isa = XCConfigurationList;
			buildConfigurations = (
				D09816861B2B23AA000F6062 /* Debug */,
				D09816871B2B23AA000F6062 /* Release */,
			);
			defaultConfigurationIsVisible = 0;
		};
		D09816881B2B23AA000F6062 /* Build configuration list for PBXNativeTarget "99RedBalloonsTests" */ = {
			isa = XCConfigurationList;
			buildConfigurations = (
				D09816891B2B23AA000F6062 /* Debug */,
				D098168A1B2B23AA000F6062 /* Release */,
			);
			defaultConfigurationIsVisible = 0;
		};
/* End XCConfigurationList section */
	};
	rootObject = D098165E1B2B23AA000F6062 /* Project object */;
}
